
Microsoft Visual Studio Solution File, Format Version 12.00
Project("{FAE04EC0-301F-11D3-BF4B-00C04F79EFBC}") = "ClassLib", "ClassLib\ClassLib.csproj", "{ACE36184-A815-4AE5-BF22-7EEA3A0E73EF}"
EndProject
Project("{FAE04EC0-301F-11D3-BF4B-00C04F79EFBC}") = "ClassLib.UnitTest", "ClassLib.UnitTest\ClassLib.UnitTest.csproj", "{02B4D33D-1FE6-431F-8EE6-9792F2B0F32B}"
EndProject
Global
	GlobalSection(SolutionConfigurationPlatforms) = preSolution
		Debug|Any CPU = Debug|Any CPU
		Release|Any CPU = Release|Any CPU
	EndGlobalSection
	GlobalSection(ProjectConfigurationPlatforms) = postSolution
		{ACE36184-A815-4AE5-BF22-7EEA3A0E73EF}.Debug|Any CPU.ActiveCfg = Debug|Any CPU
		{ACE36184-A815-4AE5-BF22-7EEA3A0E73EF}.Debug|Any CPU.Build.0 = Debug|Any CPU
		{ACE36184-A815-4AE5-BF22-7EEA3A0E73EF}.Release|Any CPU.ActiveCfg = Release|Any CPU
		{ACE36184-A815-4AE5-BF22-7EEA3A0E73EF}.Release|Any CPU.Build.0 = Release|Any CPU
		{02B4D33D-1FE6-431F-8EE6-9792F2B0F32B}.Debug|Any CPU.ActiveCfg = Debug|Any CPU
		{02B4D33D-1FE6-431F-8EE6-9792F2B0F32B}.Debug|Any CPU.Build.0 = Debug|Any CPU
		{02B4D33D-1FE6-431F-8EE6-9792F2B0F32B}.Release|Any CPU.ActiveCfg = Release|Any CPU
		{02B4D33D-1FE6-431F-8EE6-9792F2B0F32B}.Release|Any CPU.Build.0 = Release|Any CPU
	EndGlobalSection
EndGlobal
